
Microsoft Visual Studio Solution File, Format Version 12.00
# Visual Studio Version 17
VisualStudioVersion = 17.5.002.0
MinimumVisualStudioVersion = 10.0.40219.1
Project("{2150E333-8FDC-42A3-9474-1A3956D46DE8}") = "Lesson1", "Lesson1", "{F09B461D-F7AA-4C83-B5D8-6A1914694D7C}"
EndProject
Project("{9A19103F-16F7-4668-BE54-9A1E7A4F7556}") = "Task1", "Lesson1\Task1\Task1.csproj", "{44545E62-40AC-4D79-8F5C-A648BFEA26AE}"
EndProject
Global
	GlobalSection(SolutionConfigurationPlatforms) = preSolution
		Debug|Any CPU = Debug|Any CPU
		Release|Any CPU = Release|Any CPU
	EndGlobalSection
	GlobalSection(ProjectConfigurationPlatforms) = postSolution
		{44545E62-40AC-4D79-8F5C-A648BFEA26AE}.Debug|Any CPU.ActiveCfg = Debug|Any CPU
		{44545E62-40AC-4D79-8F5C-A648BFEA26AE}.Debug|Any CPU.Build.0 = Debug|Any CPU
		{44545E62-40AC-4D79-8F5C-A648BFEA26AE}.Release|Any CPU.ActiveCfg = Release|Any CPU
		{44545E62-40AC-4D79-8F5C-A648BFEA26AE}.Release|Any CPU.Build.0 = Release|Any CPU
	EndGlobalSection
	GlobalSection(SolutionProperties) = preSolution
		HideSolutionNode = FALSE
	EndGlobalSection
	GlobalSection(NestedProjects) = preSolution
		{44545E62-40AC-4D79-8F5C-A648BFEA26AE} = {F09B461D-F7AA-4C83-B5D8-6A1914694D7C}
	EndGlobalSection
	GlobalSection(ExtensibilityGlobals) = postSolution
		SolutionGuid = {AF383362-01F1-4A99-9923-94BA1EFF247F}
	EndGlobalSection
EndGlobal
